
Microsoft Visual Studio Solution File, Format Version 12.00
Project("{FAE04EC0-301F-11D3-BF4B-00C04F79EFBC}") = "JSpotifyClient", "JSpotifyClient\JSpotifyClient.csproj", "{3E7B453E-7E53-46D6-B715-CD0EF2A4C555}"
EndProject
Project("{FAE04EC0-301F-11D3-BF4B-00C04F79EFBC}") = "ClientTester", "ClientTester\ClientTester.csproj", "{623E91AF-7494-432D-9D75-D46121956D56}"
EndProject
Global
	GlobalSection(SolutionConfigurationPlatforms) = preSolution
		Debug|Any CPU = Debug|Any CPU
		Release|Any CPU = Release|Any CPU
	EndGlobalSection
	GlobalSection(ProjectConfigurationPlatforms) = postSolution
		{3E7B453E-7E53-46D6-B715-CD0EF2A4C555}.Debug|Any CPU.ActiveCfg = Debug|Any CPU
		{3E7B453E-7E53-46D6-B715-CD0EF2A4C555}.Debug|Any CPU.Build.0 = Debug|Any CPU
		{3E7B453E-7E53-46D6-B715-CD0EF2A4C555}.Release|Any CPU.ActiveCfg = Release|Any CPU
		{3E7B453E-7E53-46D6-B715-CD0EF2A4C555}.Release|Any CPU.Build.0 = Release|Any CPU
		{623E91AF-7494-432D-9D75-D46121956D56}.Debug|Any CPU.ActiveCfg = Debug|Any CPU
		{623E91AF-7494-432D-9D75-D46121956D56}.Debug|Any CPU.Build.0 = Debug|Any CPU
		{623E91AF-7494-432D-9D75-D46121956D56}.Release|Any CPU.ActiveCfg = Release|Any CPU
		{623E91AF-7494-432D-9D75-D46121956D56}.Release|Any CPU.Build.0 = Release|Any CPU
	EndGlobalSection
EndGlobal
